<?xml version="1.0" encoding="UTF-8"?>
<!DOCTYPE plist PUBLIC "-//Apple//DTD PLIST 1.0//EN" "http://www.apple.com/DTDs/PropertyList-1.0.dtd">
<plist version="1.0">
<dict>
	<key>archiveVersion</key>
	<string>1</string>
	<key>classes</key>
	<dict/>
	<key>objectVersion</key>
	<string>46</string>
	<key>objects</key>
	<dict>
		<key>0CA11E51894993D0DB120213</key>
		<dict>
			<key>includeInIndex</key>
			<string>1</string>
			<key>isa</key>
			<string>PBXFileReference</string>
			<key>lastKnownFileType</key>
			<string>text.xcconfig</string>
			<key>name</key>
			<string>Pods.release.xcconfig</string>
			<key>path</key>
			<string>Pods/Target Support Files/Pods/Pods.release.xcconfig</string>
			<key>sourceTree</key>
			<string>&lt;group&gt;</string>
		</dict>
		<key>1C399E6219F5768100544087</key>
		<dict>
			<key>fileEncoding</key>
			<string>4</string>
			<key>isa</key>
			<string>PBXFileReference</string>
			<key>lastKnownFileType</key>
			<string>sourcecode.c.h</string>
			<key>path</key>
			<string>BLCLoginViewController.h</string>
			<key>sourceTree</key>
			<string>&lt;group&gt;</string>
		</dict>
		<key>1C399E6319F5768100544087</key>
		<dict>
			<key>fileEncoding</key>
			<string>4</string>
			<key>isa</key>
			<string>PBXFileReference</string>
			<key>lastKnownFileType</key>
			<string>sourcecode.c.objc</string>
			<key>path</key>
			<string>BLCLoginViewController.m</string>
			<key>sourceTree</key>
			<string>&lt;group&gt;</string>
		</dict>
		<key>1C399E6419F5768100544087</key>
		<dict>
			<key>fileRef</key>
			<string>1C399E6319F5768100544087</string>
			<key>isa</key>
			<string>PBXBuildFile</string>
		</dict>
		<key>1CDAB34519F1683D00A5FE11</key>
		<dict>
			<key>children</key>
			<array>
				<string>1CDAB39219F1819E00A5FE11</string>
				<string>1CDAB35019F1683D00A5FE11</string>
				<string>1CDAB36A19F1683D00A5FE11</string>
				<string>1CDAB34F19F1683D00A5FE11</string>
				<string>C05B24D46492600727996EB8</string>
				<string>4B1E34BF9B548E1D2273103A</string>
			</array>
			<key>isa</key>
			<string>PBXGroup</string>
			<key>sourceTree</key>
			<string>&lt;group&gt;</string>
		</dict>
		<key>1CDAB34619F1683D00A5FE11</key>
		<dict>
			<key>attributes</key>
			<dict>
				<key>LastUpgradeCheck</key>
				<string>0600</string>
				<key>ORGANIZATIONNAME</key>
				<string>Bradley White</string>
				<key>TargetAttributes</key>
				<dict>
					<key>1CDAB34D19F1683D00A5FE11</key>
					<dict>
						<key>CreatedOnToolsVersion</key>
						<string>6.0.1</string>
					</dict>
					<key>1CDAB36619F1683D00A5FE11</key>
					<dict>
						<key>CreatedOnToolsVersion</key>
						<string>6.0.1</string>
						<key>TestTargetID</key>
						<string>1CDAB34D19F1683D00A5FE11</string>
					</dict>
				</dict>
			</dict>
			<key>buildConfigurationList</key>
			<string>1CDAB34919F1683D00A5FE11</string>
			<key>compatibilityVersion</key>
			<string>Xcode 3.2</string>
			<key>developmentRegion</key>
			<string>English</string>
			<key>hasScannedForEncodings</key>
			<string>0</string>
			<key>isa</key>
			<string>PBXProject</string>
			<key>knownRegions</key>
			<array>
				<string>en</string>
				<string>Base</string>
			</array>
			<key>mainGroup</key>
			<string>1CDAB34519F1683D00A5FE11</string>
			<key>productRefGroup</key>
			<string>1CDAB34F19F1683D00A5FE11</string>
			<key>projectDirPath</key>
			<string></string>
			<key>projectReferences</key>
			<array/>
			<key>projectRoot</key>
			<string></string>
			<key>targets</key>
			<array>
				<string>1CDAB34D19F1683D00A5FE11</string>
				<string>1CDAB36619F1683D00A5FE11</string>
			</array>
		</dict>
		<key>1CDAB34919F1683D00A5FE11</key>
		<dict>
			<key>buildConfigurations</key>
			<array>
				<string>1CDAB36F19F1683D00A5FE11</string>
				<string>1CDAB37019F1683D00A5FE11</string>
			</array>
			<key>defaultConfigurationIsVisible</key>
			<string>0</string>
			<key>defaultConfigurationName</key>
			<string>Release</string>
			<key>isa</key>
			<string>XCConfigurationList</string>
		</dict>
		<key>1CDAB34A19F1683D00A5FE11</key>
		<dict>
			<key>buildActionMask</key>
			<string>2147483647</string>
			<key>files</key>
			<array>
				<string>1CDAB35A19F1683D00A5FE11</string>
				<string>1CDAB35719F1683D00A5FE11</string>
				<string>1CDAB39E19F18AA100A5FE11</string>
				<string>1CDAB39519F1822400A5FE11</string>
				<string>1CDAB35419F1683D00A5FE11</string>
				<string>1CDAB38E19F173C300A5FE11</string>
				<string>1CDAB39119F1819A00A5FE11</string>
				<string>1CDAB39B19F1833000A5FE11</string>
				<string>1C399E6419F5768100544087</string>
				<string>1CDAB39819F182B000A5FE11</string>
			</array>
			<key>isa</key>
			<string>PBXSourcesBuildPhase</string>
			<key>runOnlyForDeploymentPostprocessing</key>
			<string>0</string>
		</dict>
		<key>1CDAB34B19F1683D00A5FE11</key>
		<dict>
			<key>buildActionMask</key>
			<string>2147483647</string>
			<key>files</key>
			<array>
				<string>65CEB898C61DF935437174FF</string>
			</array>
			<key>isa</key>
			<string>PBXFrameworksBuildPhase</string>
			<key>runOnlyForDeploymentPostprocessing</key>
			<string>0</string>
		</dict>
		<key>1CDAB34C19F1683D00A5FE11</key>
		<dict>
			<key>buildActionMask</key>
			<string>2147483647</string>
			<key>files</key>
			<array>
				<string>1CDAB38B19F1738D00A5FE11</string>
				<string>1CDAB38919F1738D00A5FE11</string>
				<string>1CDAB38719F1738D00A5FE11</string>
				<string>1CDAB35D19F1683D00A5FE11</string>
				<string>1CDAB38619F1738D00A5FE11</string>
				<string>1CDAB38519F1738D00A5FE11</string>
				<string>1CDAB38219F1738D00A5FE11</string>
				<string>1CDAB38319F1738D00A5FE11</string>
				<string>1CDAB38419F1738D00A5FE11</string>
				<string>1CDAB38819F1738D00A5FE11</string>
				<string>1CDAB38A19F1738D00A5FE11</string>
				<string>1CDAB36219F1683D00A5FE11</string>
				<string>1CDAB35F19F1683D00A5FE11</string>
			</array>
			<key>isa</key>
			<string>PBXResourcesBuildPhase</string>
			<key>runOnlyForDeploymentPostprocessing</key>
			<string>0</string>
		</dict>
		<key>1CDAB34D19F1683D00A5FE11</key>
		<dict>
			<key>buildConfigurationList</key>
			<string>1CDAB37119F1683D00A5FE11</string>
			<key>buildPhases</key>
			<array>
				<string>6D4889B35B2ECCBD43D1C0B2</string>
				<string>1CDAB34A19F1683D00A5FE11</string>
				<string>1CDAB34B19F1683D00A5FE11</string>
				<string>1CDAB34C19F1683D00A5FE11</string>
				<string>B750BDEB95339707445D06E2</string>
			</array>
			<key>buildRules</key>
			<array/>
			<key>dependencies</key>
			<array/>
			<key>isa</key>
			<string>PBXNativeTarget</string>
			<key>name</key>
			<string>Blocstagram</string>
			<key>productName</key>
			<string>Blocstagram</string>
			<key>productReference</key>
			<string>1CDAB34E19F1683D00A5FE11</string>
			<key>productType</key>
			<string>com.apple.product-type.application</string>
		</dict>
		<key>1CDAB34E19F1683D00A5FE11</key>
		<dict>
			<key>explicitFileType</key>
			<string>wrapper.application</string>
			<key>includeInIndex</key>
			<string>0</string>
			<key>isa</key>
			<string>PBXFileReference</string>
			<key>path</key>
			<string>Blocstagram.app</string>
			<key>sourceTree</key>
			<string>BUILT_PRODUCTS_DIR</string>
		</dict>
		<key>1CDAB34F19F1683D00A5FE11</key>
		<dict>
			<key>children</key>
			<array>
				<string>1CDAB34E19F1683D00A5FE11</string>
				<string>1CDAB36719F1683D00A5FE11</string>
			</array>
			<key>isa</key>
			<string>PBXGroup</string>
			<key>name</key>
			<string>Products</string>
			<key>sourceTree</key>
			<string>&lt;group&gt;</string>
		</dict>
		<key>1CDAB35019F1683D00A5FE11</key>
		<dict>
			<key>children</key>
			<array>
				<string>1CDAB37719F1736800A5FE11</string>
				<string>1CDAB35519F1683D00A5FE11</string>
				<string>1CDAB35619F1683D00A5FE11</string>
				<string>1CDAB38C19F173C300A5FE11</string>
				<string>1CDAB38D19F173C300A5FE11</string>
				<string>1CDAB35819F1683D00A5FE11</string>
				<string>1CDAB35919F1683D00A5FE11</string>
				<string>1CDAB35B19F1683D00A5FE11</string>
				<string>1CDAB35E19F1683D00A5FE11</string>
				<string>1CDAB36019F1683D00A5FE11</string>
				<string>1CDAB35119F1683D00A5FE11</string>
			</array>
			<key>isa</key>
			<string>PBXGroup</string>
			<key>path</key>
			<string>Blocstagram</string>
			<key>sourceTree</key>
			<string>&lt;group&gt;</string>
		</dict>
		<key>1CDAB35119F1683D00A5FE11</key>
		<dict>
			<key>children</key>
			<array>
				<string>1CDAB35219F1683D00A5FE11</string>
				<string>1CDAB35319F1683D00A5FE11</string>
			</array>
			<key>isa</key>
			<string>PBXGroup</string>
			<key>name</key>
			<string>Supporting Files</string>
			<key>sourceTree</key>
			<string>&lt;group&gt;</string>
		</dict>
		<key>1CDAB35219F1683D00A5FE11</key>
		<dict>
			<key>isa</key>
			<string>PBXFileReference</string>
			<key>lastKnownFileType</key>
			<string>text.plist.xml</string>
			<key>path</key>
			<string>Info.plist</string>
			<key>sourceTree</key>
			<string>&lt;group&gt;</string>
		</dict>
		<key>1CDAB35319F1683D00A5FE11</key>
		<dict>
			<key>isa</key>
			<string>PBXFileReference</string>
			<key>lastKnownFileType</key>
			<string>sourcecode.c.objc</string>
			<key>path</key>
			<string>main.m</string>
			<key>sourceTree</key>
			<string>&lt;group&gt;</string>
		</dict>
		<key>1CDAB35419F1683D00A5FE11</key>
		<dict>
			<key>fileRef</key>
			<string>1CDAB35319F1683D00A5FE11</string>
			<key>isa</key>
			<string>PBXBuildFile</string>
		</dict>
		<key>1CDAB35519F1683D00A5FE11</key>
		<dict>
			<key>isa</key>
			<string>PBXFileReference</string>
			<key>lastKnownFileType</key>
			<string>sourcecode.c.h</string>
			<key>path</key>
			<string>AppDelegate.h</string>
			<key>sourceTree</key>
			<string>&lt;group&gt;</string>
		</dict>
		<key>1CDAB35619F1683D00A5FE11</key>
		<dict>
			<key>isa</key>
			<string>PBXFileReference</string>
			<key>lastKnownFileType</key>
			<string>sourcecode.c.objc</string>
			<key>path</key>
			<string>AppDelegate.m</string>
			<key>sourceTree</key>
			<string>&lt;group&gt;</string>
		</dict>
		<key>1CDAB35719F1683D00A5FE11</key>
		<dict>
			<key>fileRef</key>
			<string>1CDAB35619F1683D00A5FE11</string>
			<key>isa</key>
			<string>PBXBuildFile</string>
		</dict>
		<key>1CDAB35819F1683D00A5FE11</key>
		<dict>
			<key>isa</key>
			<string>PBXFileReference</string>
			<key>lastKnownFileType</key>
			<string>sourcecode.c.h</string>
			<key>path</key>
			<string>ViewController.h</string>
			<key>sourceTree</key>
			<string>&lt;group&gt;</string>
		</dict>
		<key>1CDAB35919F1683D00A5FE11</key>
		<dict>
			<key>isa</key>
			<string>PBXFileReference</string>
			<key>lastKnownFileType</key>
			<string>sourcecode.c.objc</string>
			<key>path</key>
			<string>ViewController.m</string>
			<key>sourceTree</key>
			<string>&lt;group&gt;</string>
		</dict>
		<key>1CDAB35A19F1683D00A5FE11</key>
		<dict>
			<key>fileRef</key>
			<string>1CDAB35919F1683D00A5FE11</string>
			<key>isa</key>
			<string>PBXBuildFile</string>
		</dict>
		<key>1CDAB35B19F1683D00A5FE11</key>
		<dict>
			<key>children</key>
			<array>
				<string>1CDAB35C19F1683D00A5FE11</string>
			</array>
			<key>isa</key>
			<string>PBXVariantGroup</string>
			<key>name</key>
			<string>Main.storyboard</string>
			<key>sourceTree</key>
			<string>&lt;group&gt;</string>
		</dict>
		<key>1CDAB35C19F1683D00A5FE11</key>
		<dict>
			<key>isa</key>
			<string>PBXFileReference</string>
			<key>lastKnownFileType</key>
			<string>file.storyboard</string>
			<key>name</key>
			<string>Base</string>
			<key>path</key>
			<string>Base.lproj/Main.storyboard</string>
			<key>sourceTree</key>
			<string>&lt;group&gt;</string>
		</dict>
		<key>1CDAB35D19F1683D00A5FE11</key>
		<dict>
			<key>fileRef</key>
			<string>1CDAB35B19F1683D00A5FE11</string>
			<key>isa</key>
			<string>PBXBuildFile</string>
		</dict>
		<key>1CDAB35E19F1683D00A5FE11</key>
		<dict>
			<key>isa</key>
			<string>PBXFileReference</string>
			<key>lastKnownFileType</key>
			<string>folder.assetcatalog</string>
			<key>path</key>
			<string>Images.xcassets</string>
			<key>sourceTree</key>
			<string>&lt;group&gt;</string>
		</dict>
		<key>1CDAB35F19F1683D00A5FE11</key>
		<dict>
			<key>fileRef</key>
			<string>1CDAB35E19F1683D00A5FE11</string>
			<key>isa</key>
			<string>PBXBuildFile</string>
		</dict>
		<key>1CDAB36019F1683D00A5FE11</key>
		<dict>
			<key>children</key>
			<array>
				<string>1CDAB36119F1683D00A5FE11</string>
			</array>
			<key>isa</key>
			<string>PBXVariantGroup</string>
			<key>name</key>
			<string>LaunchScreen.xib</string>
			<key>sourceTree</key>
			<string>&lt;group&gt;</string>
		</dict>
		<key>1CDAB36119F1683D00A5FE11</key>
		<dict>
			<key>isa</key>
			<string>PBXFileReference</string>
			<key>lastKnownFileType</key>
			<string>file.xib</string>
			<key>name</key>
			<string>Base</string>
			<key>path</key>
			<string>Base.lproj/LaunchScreen.xib</string>
			<key>sourceTree</key>
			<string>&lt;group&gt;</string>
		</dict>
		<key>1CDAB36219F1683D00A5FE11</key>
		<dict>
			<key>fileRef</key>
			<string>1CDAB36019F1683D00A5FE11</string>
			<key>isa</key>
			<string>PBXBuildFile</string>
		</dict>
		<key>1CDAB36319F1683D00A5FE11</key>
		<dict>
			<key>buildActionMask</key>
			<string>2147483647</string>
			<key>files</key>
			<array>
				<string>1CDAB36E19F1683D00A5FE11</string>
			</array>
			<key>isa</key>
			<string>PBXSourcesBuildPhase</string>
			<key>runOnlyForDeploymentPostprocessing</key>
			<string>0</string>
		</dict>
		<key>1CDAB36419F1683D00A5FE11</key>
		<dict>
			<key>buildActionMask</key>
			<string>2147483647</string>
			<key>files</key>
			<array/>
			<key>isa</key>
			<string>PBXFrameworksBuildPhase</string>
			<key>runOnlyForDeploymentPostprocessing</key>
			<string>0</string>
		</dict>
		<key>1CDAB36519F1683D00A5FE11</key>
		<dict>
			<key>buildActionMask</key>
			<string>2147483647</string>
			<key>files</key>
			<array/>
			<key>isa</key>
			<string>PBXResourcesBuildPhase</string>
			<key>runOnlyForDeploymentPostprocessing</key>
			<string>0</string>
		</dict>
		<key>1CDAB36619F1683D00A5FE11</key>
		<dict>
			<key>buildConfigurationList</key>
			<string>1CDAB37419F1683D00A5FE11</string>
			<key>buildPhases</key>
			<array>
				<string>1CDAB36319F1683D00A5FE11</string>
				<string>1CDAB36419F1683D00A5FE11</string>
				<string>1CDAB36519F1683D00A5FE11</string>
			</array>
			<key>buildRules</key>
			<array/>
			<key>dependencies</key>
			<array>
				<string>1CDAB36919F1683D00A5FE11</string>
			</array>
			<key>isa</key>
			<string>PBXNativeTarget</string>
			<key>name</key>
			<string>BlocstagramTests</string>
			<key>productName</key>
			<string>BlocstagramTests</string>
			<key>productReference</key>
			<string>1CDAB36719F1683D00A5FE11</string>
			<key>productType</key>
			<string>com.apple.product-type.bundle.unit-test</string>
		</dict>
		<key>1CDAB36719F1683D00A5FE11</key>
		<dict>
			<key>explicitFileType</key>
			<string>wrapper.cfbundle</string>
			<key>includeInIndex</key>
			<string>0</string>
			<key>isa</key>
			<string>PBXFileReference</string>
			<key>path</key>
			<string>BlocstagramTests.xctest</string>
			<key>sourceTree</key>
			<string>BUILT_PRODUCTS_DIR</string>
		</dict>
		<key>1CDAB36819F1683D00A5FE11</key>
		<dict>
			<key>containerPortal</key>
			<string>1CDAB34619F1683D00A5FE11</string>
			<key>isa</key>
			<string>PBXContainerItemProxy</string>
			<key>proxyType</key>
			<string>1</string>
			<key>remoteGlobalIDString</key>
			<string>1CDAB34D19F1683D00A5FE11</string>
			<key>remoteInfo</key>
			<string>Blocstagram</string>
		</dict>
		<key>1CDAB36919F1683D00A5FE11</key>
		<dict>
			<key>isa</key>
			<string>PBXTargetDependency</string>
			<key>target</key>
			<string>1CDAB34D19F1683D00A5FE11</string>
			<key>targetProxy</key>
			<string>1CDAB36819F1683D00A5FE11</string>
		</dict>
		<key>1CDAB36A19F1683D00A5FE11</key>
		<dict>
			<key>children</key>
			<array>
				<string>1CDAB36D19F1683D00A5FE11</string>
				<string>1CDAB36B19F1683D00A5FE11</string>
			</array>
			<key>isa</key>
			<string>PBXGroup</string>
			<key>path</key>
			<string>BlocstagramTests</string>
			<key>sourceTree</key>
			<string>&lt;group&gt;</string>
		</dict>
		<key>1CDAB36B19F1683D00A5FE11</key>
		<dict>
			<key>children</key>
			<array>
				<string>1CDAB36C19F1683D00A5FE11</string>
			</array>
			<key>isa</key>
			<string>PBXGroup</string>
			<key>name</key>
			<string>Supporting Files</string>
			<key>sourceTree</key>
			<string>&lt;group&gt;</string>
		</dict>
		<key>1CDAB36C19F1683D00A5FE11</key>
		<dict>
			<key>isa</key>
			<string>PBXFileReference</string>
			<key>lastKnownFileType</key>
			<string>text.plist.xml</string>
			<key>path</key>
			<string>Info.plist</string>
			<key>sourceTree</key>
			<string>&lt;group&gt;</string>
		</dict>
		<key>1CDAB36D19F1683D00A5FE11</key>
		<dict>
			<key>isa</key>
			<string>PBXFileReference</string>
			<key>lastKnownFileType</key>
			<string>sourcecode.c.objc</string>
			<key>path</key>
			<string>BlocstagramTests.m</string>
			<key>sourceTree</key>
			<string>&lt;group&gt;</string>
		</dict>
		<key>1CDAB36E19F1683D00A5FE11</key>
		<dict>
			<key>fileRef</key>
			<string>1CDAB36D19F1683D00A5FE11</string>
			<key>isa</key>
			<string>PBXBuildFile</string>
		</dict>
		<key>1CDAB36F19F1683D00A5FE11</key>
		<dict>
			<key>buildSettings</key>
			<dict>
				<key>ALWAYS_SEARCH_USER_PATHS</key>
				<string>NO</string>
				<key>CLANG_CXX_LANGUAGE_STANDARD</key>
				<string>gnu++0x</string>
				<key>CLANG_CXX_LIBRARY</key>
				<string>libc++</string>
				<key>CLANG_ENABLE_MODULES</key>
				<string>YES</string>
				<key>CLANG_ENABLE_OBJC_ARC</key>
				<string>YES</string>
				<key>CLANG_WARN_BOOL_CONVERSION</key>
				<string>YES</string>
				<key>CLANG_WARN_CONSTANT_CONVERSION</key>
				<string>YES</string>
				<key>CLANG_WARN_DIRECT_OBJC_ISA_USAGE</key>
				<string>YES_ERROR</string>
				<key>CLANG_WARN_EMPTY_BODY</key>
				<string>YES</string>
				<key>CLANG_WARN_ENUM_CONVERSION</key>
				<string>YES</string>
				<key>CLANG_WARN_INT_CONVERSION</key>
				<string>YES</string>
				<key>CLANG_WARN_OBJC_ROOT_CLASS</key>
				<string>YES_ERROR</string>
				<key>CLANG_WARN_UNREACHABLE_CODE</key>
				<string>YES</string>
				<key>CLANG_WARN__DUPLICATE_METHOD_MATCH</key>
				<string>YES</string>
				<key>CODE_SIGN_IDENTITY[sdk=iphoneos*]</key>
				<string>iPhone Developer</string>
				<key>COPY_PHASE_STRIP</key>
				<string>NO</string>
				<key>ENABLE_STRICT_OBJC_MSGSEND</key>
				<string>YES</string>
				<key>GCC_C_LANGUAGE_STANDARD</key>
				<string>gnu99</string>
				<key>GCC_DYNAMIC_NO_PIC</key>
				<string>NO</string>
				<key>GCC_OPTIMIZATION_LEVEL</key>
				<string>0</string>
				<key>GCC_PREPROCESSOR_DEFINITIONS</key>
				<array>
					<string>DEBUG=1</string>
					<string>$(inherited)</string>
				</array>
				<key>GCC_SYMBOLS_PRIVATE_EXTERN</key>
				<string>NO</string>
				<key>GCC_WARN_64_TO_32_BIT_CONVERSION</key>
				<string>YES</string>
				<key>GCC_WARN_ABOUT_RETURN_TYPE</key>
				<string>YES_ERROR</string>
				<key>GCC_WARN_UNDECLARED_SELECTOR</key>
				<string>YES</string>
				<key>GCC_WARN_UNINITIALIZED_AUTOS</key>
				<string>YES_AGGRESSIVE</string>
				<key>GCC_WARN_UNUSED_FUNCTION</key>
				<string>YES</string>
				<key>GCC_WARN_UNUSED_VARIABLE</key>
				<string>YES</string>
				<key>IPHONEOS_DEPLOYMENT_TARGET</key>
				<string>8.0</string>
				<key>MTL_ENABLE_DEBUG_INFO</key>
				<string>YES</string>
				<key>ONLY_ACTIVE_ARCH</key>
				<string>YES</string>
				<key>SDKROOT</key>
				<string>iphoneos</string>
				<key>TARGETED_DEVICE_FAMILY</key>
				<string>1,2</string>
			</dict>
			<key>isa</key>
			<string>XCBuildConfiguration</string>
			<key>name</key>
			<string>Debug</string>
		</dict>
		<key>1CDAB37019F1683D00A5FE11</key>
		<dict>
			<key>buildSettings</key>
			<dict>
				<key>ALWAYS_SEARCH_USER_PATHS</key>
				<string>NO</string>
				<key>CLANG_CXX_LANGUAGE_STANDARD</key>
				<string>gnu++0x</string>
				<key>CLANG_CXX_LIBRARY</key>
				<string>libc++</string>
				<key>CLANG_ENABLE_MODULES</key>
				<string>YES</string>
				<key>CLANG_ENABLE_OBJC_ARC</key>
				<string>YES</string>
				<key>CLANG_WARN_BOOL_CONVERSION</key>
				<string>YES</string>
				<key>CLANG_WARN_CONSTANT_CONVERSION</key>
				<string>YES</string>
				<key>CLANG_WARN_DIRECT_OBJC_ISA_USAGE</key>
				<string>YES_ERROR</string>
				<key>CLANG_WARN_EMPTY_BODY</key>
				<string>YES</string>
				<key>CLANG_WARN_ENUM_CONVERSION</key>
				<string>YES</string>
				<key>CLANG_WARN_INT_CONVERSION</key>
				<string>YES</string>
				<key>CLANG_WARN_OBJC_ROOT_CLASS</key>
				<string>YES_ERROR</string>
				<key>CLANG_WARN_UNREACHABLE_CODE</key>
				<string>YES</string>
				<key>CLANG_WARN__DUPLICATE_METHOD_MATCH</key>
				<string>YES</string>
				<key>CODE_SIGN_IDENTITY[sdk=iphoneos*]</key>
				<string>iPhone Developer</string>
				<key>COPY_PHASE_STRIP</key>
				<string>YES</string>
				<key>ENABLE_NS_ASSERTIONS</key>
				<string>NO</string>
				<key>ENABLE_STRICT_OBJC_MSGSEND</key>
				<string>YES</string>
				<key>GCC_C_LANGUAGE_STANDARD</key>
				<string>gnu99</string>
				<key>GCC_WARN_64_TO_32_BIT_CONVERSION</key>
				<string>YES</string>
				<key>GCC_WARN_ABOUT_RETURN_TYPE</key>
				<string>YES_ERROR</string>
				<key>GCC_WARN_UNDECLARED_SELECTOR</key>
				<string>YES</string>
				<key>GCC_WARN_UNINITIALIZED_AUTOS</key>
				<string>YES_AGGRESSIVE</string>
				<key>GCC_WARN_UNUSED_FUNCTION</key>
				<string>YES</string>
				<key>GCC_WARN_UNUSED_VARIABLE</key>
				<string>YES</string>
				<key>IPHONEOS_DEPLOYMENT_TARGET</key>
				<string>8.0</string>
				<key>MTL_ENABLE_DEBUG_INFO</key>
				<string>NO</string>
				<key>SDKROOT</key>
				<string>iphoneos</string>
				<key>TARGETED_DEVICE_FAMILY</key>
				<string>1,2</string>
				<key>VALIDATE_PRODUCT</key>
				<string>YES</string>
			</dict>
			<key>isa</key>
			<string>XCBuildConfiguration</string>
			<key>name</key>
			<string>Release</string>
		</dict>
		<key>1CDAB37119F1683D00A5FE11</key>
		<dict>
			<key>buildConfigurations</key>
			<array>
				<string>1CDAB37219F1683D00A5FE11</string>
				<string>1CDAB37319F1683D00A5FE11</string>
			</array>
			<key>defaultConfigurationIsVisible</key>
			<string>0</string>
			<key>defaultConfigurationName</key>
			<string>Release</string>
			<key>isa</key>
			<string>XCConfigurationList</string>
		</dict>
		<key>1CDAB37219F1683D00A5FE11</key>
		<dict>
			<key>baseConfigurationReference</key>
			<string>61C174E4481A9E7E616042F3</string>
			<key>buildSettings</key>
			<dict>
				<key>ASSETCATALOG_COMPILER_APPICON_NAME</key>
				<string>AppIcon</string>
				<key>INFOPLIST_FILE</key>
				<string>Blocstagram/Info.plist</string>
				<key>LD_RUNPATH_SEARCH_PATHS</key>
				<string>$(inherited) @executable_path/Frameworks</string>
				<key>PRODUCT_NAME</key>
				<string>$(TARGET_NAME)</string>
			</dict>
			<key>isa</key>
			<string>XCBuildConfiguration</string>
			<key>name</key>
			<string>Debug</string>
		</dict>
		<key>1CDAB37319F1683D00A5FE11</key>
		<dict>
			<key>baseConfigurationReference</key>
			<string>0CA11E51894993D0DB120213</string>
			<key>buildSettings</key>
			<dict>
				<key>ASSETCATALOG_COMPILER_APPICON_NAME</key>
				<string>AppIcon</string>
				<key>INFOPLIST_FILE</key>
				<string>Blocstagram/Info.plist</string>
				<key>LD_RUNPATH_SEARCH_PATHS</key>
				<string>$(inherited) @executable_path/Frameworks</string>
				<key>PRODUCT_NAME</key>
				<string>$(TARGET_NAME)</string>
			</dict>
			<key>isa</key>
			<string>XCBuildConfiguration</string>
			<key>name</key>
			<string>Release</string>
		</dict>
		<key>1CDAB37419F1683D00A5FE11</key>
		<dict>
			<key>buildConfigurations</key>
			<array>
				<string>1CDAB37519F1683D00A5FE11</string>
				<string>1CDAB37619F1683D00A5FE11</string>
			</array>
			<key>defaultConfigurationIsVisible</key>
			<string>0</string>
			<key>defaultConfigurationName</key>
			<string>Release</string>
			<key>isa</key>
			<string>XCConfigurationList</string>
		</dict>
		<key>1CDAB37519F1683D00A5FE11</key>
		<dict>
			<key>buildSettings</key>
			<dict>
				<key>BUNDLE_LOADER</key>
				<string>$(TEST_HOST)</string>
				<key>FRAMEWORK_SEARCH_PATHS</key>
				<array>
					<string>$(SDKROOT)/Developer/Library/Frameworks</string>
					<string>$(inherited)</string>
				</array>
				<key>GCC_PREPROCESSOR_DEFINITIONS</key>
				<array>
					<string>DEBUG=1</string>
					<string>$(inherited)</string>
				</array>
				<key>INFOPLIST_FILE</key>
				<string>BlocstagramTests/Info.plist</string>
				<key>LD_RUNPATH_SEARCH_PATHS</key>
				<string>$(inherited) @executable_path/Frameworks @loader_path/Frameworks</string>
				<key>PRODUCT_NAME</key>
				<string>$(TARGET_NAME)</string>
				<key>TEST_HOST</key>
				<string>$(BUILT_PRODUCTS_DIR)/Blocstagram.app/Blocstagram</string>
			</dict>
			<key>isa</key>
			<string>XCBuildConfiguration</string>
			<key>name</key>
			<string>Debug</string>
		</dict>
		<key>1CDAB37619F1683D00A5FE11</key>
		<dict>
			<key>buildSettings</key>
			<dict>
				<key>BUNDLE_LOADER</key>
				<string>$(TEST_HOST)</string>
				<key>FRAMEWORK_SEARCH_PATHS</key>
				<array>
					<string>$(SDKROOT)/Developer/Library/Frameworks</string>
					<string>$(inherited)</string>
				</array>
				<key>INFOPLIST_FILE</key>
				<string>BlocstagramTests/Info.plist</string>
				<key>LD_RUNPATH_SEARCH_PATHS</key>
				<string>$(inherited) @executable_path/Frameworks @loader_path/Frameworks</string>
				<key>PRODUCT_NAME</key>
				<string>$(TARGET_NAME)</string>
				<key>TEST_HOST</key>
				<string>$(BUILT_PRODUCTS_DIR)/Blocstagram.app/Blocstagram</string>
			</dict>
			<key>isa</key>
			<string>XCBuildConfiguration</string>
			<key>name</key>
			<string>Release</string>
		</dict>
		<key>1CDAB37719F1736800A5FE11</key>
		<dict>
			<key>children</key>
			<array>
				<string>1CDAB37819F1738D00A5FE11</string>
				<string>1CDAB37919F1738D00A5FE11</string>
				<string>1CDAB37A19F1738D00A5FE11</string>
				<string>1CDAB37B19F1738D00A5FE11</string>
				<string>1CDAB37C19F1738D00A5FE11</string>
				<string>1CDAB37D19F1738D00A5FE11</string>
				<string>1CDAB37E19F1738D00A5FE11</string>
				<string>1CDAB37F19F1738D00A5FE11</string>
				<string>1CDAB38019F1738D00A5FE11</string>
				<string>1CDAB38119F1738D00A5FE11</string>
			</array>
			<key>isa</key>
			<string>PBXGroup</string>
			<key>name</key>
			<string>Images</string>
			<key>sourceTree</key>
			<string>&lt;group&gt;</string>
		</dict>
		<key>1CDAB37819F1738D00A5FE11</key>
		<dict>
			<key>isa</key>
			<string>PBXFileReference</string>
			<key>lastKnownFileType</key>
			<string>image.jpeg</string>
			<key>path</key>
			<string>1.jpg</string>
			<key>sourceTree</key>
			<string>&lt;group&gt;</string>
		</dict>
		<key>1CDAB37919F1738D00A5FE11</key>
		<dict>
			<key>isa</key>
			<string>PBXFileReference</string>
			<key>lastKnownFileType</key>
			<string>image.jpeg</string>
			<key>path</key>
			<string>2.jpg</string>
			<key>sourceTree</key>
			<string>&lt;group&gt;</string>
		</dict>
		<key>1CDAB37A19F1738D00A5FE11</key>
		<dict>
			<key>isa</key>
			<string>PBXFileReference</string>
			<key>lastKnownFileType</key>
			<string>image.jpeg</string>
			<key>path</key>
			<string>3.jpg</string>
			<key>sourceTree</key>
			<string>&lt;group&gt;</string>
		</dict>
		<key>1CDAB37B19F1738D00A5FE11</key>
		<dict>
			<key>isa</key>
			<string>PBXFileReference</string>
			<key>lastKnownFileType</key>
			<string>image.jpeg</string>
			<key>path</key>
			<string>4.jpg</string>
			<key>sourceTree</key>
			<string>&lt;group&gt;</string>
		</dict>
		<key>1CDAB37C19F1738D00A5FE11</key>
		<dict>
			<key>isa</key>
			<string>PBXFileReference</string>
			<key>lastKnownFileType</key>
			<string>image.jpeg</string>
			<key>path</key>
			<string>5.jpg</string>
			<key>sourceTree</key>
			<string>&lt;group&gt;</string>
		</dict>
		<key>1CDAB37D19F1738D00A5FE11</key>
		<dict>
			<key>isa</key>
			<string>PBXFileReference</string>
			<key>lastKnownFileType</key>
			<string>image.jpeg</string>
			<key>path</key>
			<string>6.jpg</string>
			<key>sourceTree</key>
			<string>&lt;group&gt;</string>
		</dict>
		<key>1CDAB37E19F1738D00A5FE11</key>
		<dict>
			<key>isa</key>
			<string>PBXFileReference</string>
			<key>lastKnownFileType</key>
			<string>image.jpeg</string>
			<key>path</key>
			<string>7.jpg</string>
			<key>sourceTree</key>
			<string>&lt;group&gt;</string>
		</dict>
		<key>1CDAB37F19F1738D00A5FE11</key>
		<dict>
			<key>isa</key>
			<string>PBXFileReference</string>
			<key>lastKnownFileType</key>
			<string>image.jpeg</string>
			<key>path</key>
			<string>8.jpg</string>
			<key>sourceTree</key>
			<string>&lt;group&gt;</string>
		</dict>
		<key>1CDAB38019F1738D00A5FE11</key>
		<dict>
			<key>isa</key>
			<string>PBXFileReference</string>
			<key>lastKnownFileType</key>
			<string>image.jpeg</string>
			<key>path</key>
			<string>9.jpg</string>
			<key>sourceTree</key>
			<string>&lt;group&gt;</string>
		</dict>
		<key>1CDAB38119F1738D00A5FE11</key>
		<dict>
			<key>isa</key>
			<string>PBXFileReference</string>
			<key>lastKnownFileType</key>
			<string>image.jpeg</string>
			<key>path</key>
			<string>10.jpg</string>
			<key>sourceTree</key>
			<string>&lt;group&gt;</string>
		</dict>
		<key>1CDAB38219F1738D00A5FE11</key>
		<dict>
			<key>fileRef</key>
			<string>1CDAB37819F1738D00A5FE11</string>
			<key>isa</key>
			<string>PBXBuildFile</string>
		</dict>
		<key>1CDAB38319F1738D00A5FE11</key>
		<dict>
			<key>fileRef</key>
			<string>1CDAB37919F1738D00A5FE11</string>
			<key>isa</key>
			<string>PBXBuildFile</string>
		</dict>
		<key>1CDAB38419F1738D00A5FE11</key>
		<dict>
			<key>fileRef</key>
			<string>1CDAB37A19F1738D00A5FE11</string>
			<key>isa</key>
			<string>PBXBuildFile</string>
		</dict>
		<key>1CDAB38519F1738D00A5FE11</key>
		<dict>
			<key>fileRef</key>
			<string>1CDAB37B19F1738D00A5FE11</string>
			<key>isa</key>
			<string>PBXBuildFile</string>
		</dict>
		<key>1CDAB38619F1738D00A5FE11</key>
		<dict>
			<key>fileRef</key>
			<string>1CDAB37C19F1738D00A5FE11</string>
			<key>isa</key>
			<string>PBXBuildFile</string>
		</dict>
		<key>1CDAB38719F1738D00A5FE11</key>
		<dict>
			<key>fileRef</key>
			<string>1CDAB37D19F1738D00A5FE11</string>
			<key>isa</key>
			<string>PBXBuildFile</string>
		</dict>
		<key>1CDAB38819F1738D00A5FE11</key>
		<dict>
			<key>fileRef</key>
			<string>1CDAB37E19F1738D00A5FE11</string>
			<key>isa</key>
			<string>PBXBuildFile</string>
		</dict>
		<key>1CDAB38919F1738D00A5FE11</key>
		<dict>
			<key>fileRef</key>
			<string>1CDAB37F19F1738D00A5FE11</string>
			<key>isa</key>
			<string>PBXBuildFile</string>
		</dict>
		<key>1CDAB38A19F1738D00A5FE11</key>
		<dict>
			<key>fileRef</key>
			<string>1CDAB38019F1738D00A5FE11</string>
			<key>isa</key>
			<string>PBXBuildFile</string>
		</dict>
		<key>1CDAB38B19F1738D00A5FE11</key>
		<dict>
			<key>fileRef</key>
			<string>1CDAB38119F1738D00A5FE11</string>
			<key>isa</key>
			<string>PBXBuildFile</string>
		</dict>
		<key>1CDAB38C19F173C300A5FE11</key>
		<dict>
			<key>fileEncoding</key>
			<string>4</string>
			<key>isa</key>
			<string>PBXFileReference</string>
			<key>lastKnownFileType</key>
			<string>sourcecode.c.h</string>
			<key>path</key>
			<string>BLCImagesTableViewController.h</string>
			<key>sourceTree</key>
			<string>&lt;group&gt;</string>
		</dict>
		<key>1CDAB38D19F173C300A5FE11</key>
		<dict>
			<key>fileEncoding</key>
			<string>4</string>
			<key>isa</key>
			<string>PBXFileReference</string>
			<key>lastKnownFileType</key>
			<string>sourcecode.c.objc</string>
			<key>path</key>
			<string>BLCImagesTableViewController.m</string>
			<key>sourceTree</key>
			<string>&lt;group&gt;</string>
		</dict>
		<key>1CDAB38E19F173C300A5FE11</key>
		<dict>
			<key>fileRef</key>
			<string>1CDAB38D19F173C300A5FE11</string>
			<key>isa</key>
			<string>PBXBuildFile</string>
		</dict>
		<key>1CDAB38F19F1819A00A5FE11</key>
		<dict>
			<key>fileEncoding</key>
			<string>4</string>
			<key>isa</key>
			<string>PBXFileReference</string>
			<key>lastKnownFileType</key>
			<string>sourcecode.c.h</string>
			<key>path</key>
			<string>BLCUser.h</string>
			<key>sourceTree</key>
			<string>&lt;group&gt;</string>
		</dict>
		<key>1CDAB39019F1819A00A5FE11</key>
		<dict>
			<key>fileEncoding</key>
			<string>4</string>
			<key>isa</key>
			<string>PBXFileReference</string>
			<key>lastKnownFileType</key>
			<string>sourcecode.c.objc</string>
			<key>path</key>
			<string>BLCUser.m</string>
			<key>sourceTree</key>
			<string>&lt;group&gt;</string>
		</dict>
		<key>1CDAB39119F1819A00A5FE11</key>
		<dict>
			<key>fileRef</key>
			<string>1CDAB39019F1819A00A5FE11</string>
			<key>isa</key>
			<string>PBXBuildFile</string>
		</dict>
		<key>1CDAB39219F1819E00A5FE11</key>
		<dict>
			<key>children</key>
			<array>
				<string>1CDAB39C19F18AA100A5FE11</string>
				<string>1CDAB39D19F18AA100A5FE11</string>
				<string>1CDAB38F19F1819A00A5FE11</string>
				<string>1CDAB39019F1819A00A5FE11</string>
				<string>1CDAB39319F1822400A5FE11</string>
				<string>1CDAB39419F1822400A5FE11</string>
				<string>1CDAB39619F182B000A5FE11</string>
				<string>1CDAB39719F182B000A5FE11</string>
				<string>1CDAB39919F1833000A5FE11</string>
				<string>1CDAB39A19F1833000A5FE11</string>
				<string>1C399E6219F5768100544087</string>
				<string>1C399E6319F5768100544087</string>
			</array>
			<key>isa</key>
			<string>PBXGroup</string>
			<key>name</key>
			<string>Model</string>
			<key>sourceTree</key>
			<string>&lt;group&gt;</string>
		</dict>
		<key>1CDAB39319F1822400A5FE11</key>
		<dict>
			<key>fileEncoding</key>
			<string>4</string>
			<key>isa</key>
			<string>PBXFileReference</string>
			<key>lastKnownFileType</key>
			<string>sourcecode.c.h</string>
			<key>path</key>
			<string>BLCMedia.h</string>
			<key>sourceTree</key>
			<string>&lt;group&gt;</string>
		</dict>
		<key>1CDAB39419F1822400A5FE11</key>
		<dict>
			<key>fileEncoding</key>
			<string>4</string>
			<key>isa</key>
			<string>PBXFileReference</string>
			<key>lastKnownFileType</key>
			<string>sourcecode.c.objc</string>
			<key>path</key>
			<string>BLCMedia.m</string>
			<key>sourceTree</key>
			<string>&lt;group&gt;</string>
		</dict>
		<key>1CDAB39519F1822400A5FE11</key>
		<dict>
			<key>fileRef</key>
			<string>1CDAB39419F1822400A5FE11</string>
			<key>isa</key>
			<string>PBXBuildFile</string>
		</dict>
		<key>1CDAB39619F182B000A5FE11</key>
		<dict>
			<key>fileEncoding</key>
			<string>4</string>
			<key>isa</key>
			<string>PBXFileReference</string>
			<key>lastKnownFileType</key>
			<string>sourcecode.c.h</string>
			<key>path</key>
			<string>BLCComment.h</string>
			<key>sourceTree</key>
			<string>&lt;group&gt;</string>
		</dict>
		<key>1CDAB39719F182B000A5FE11</key>
		<dict>
			<key>fileEncoding</key>
			<string>4</string>
			<key>isa</key>
			<string>PBXFileReference</string>
			<key>lastKnownFileType</key>
			<string>sourcecode.c.objc</string>
			<key>path</key>
			<string>BLCComment.m</string>
			<key>sourceTree</key>
			<string>&lt;group&gt;</string>
		</dict>
		<key>1CDAB39819F182B000A5FE11</key>
		<dict>
			<key>fileRef</key>
			<string>1CDAB39719F182B000A5FE11</string>
			<key>isa</key>
			<string>PBXBuildFile</string>
		</dict>
		<key>1CDAB39919F1833000A5FE11</key>
		<dict>
			<key>fileEncoding</key>
			<string>4</string>
			<key>isa</key>
			<string>PBXFileReference</string>
			<key>lastKnownFileType</key>
			<string>sourcecode.c.h</string>
			<key>path</key>
			<string>BLCDataSource.h</string>
			<key>sourceTree</key>
			<string>&lt;group&gt;</string>
		</dict>
		<key>1CDAB39A19F1833000A5FE11</key>
		<dict>
			<key>fileEncoding</key>
			<string>4</string>
			<key>isa</key>
			<string>PBXFileReference</string>
			<key>lastKnownFileType</key>
			<string>sourcecode.c.objc</string>
			<key>path</key>
			<string>BLCDataSource.m</string>
			<key>sourceTree</key>
			<string>&lt;group&gt;</string>
		</dict>
		<key>1CDAB39B19F1833000A5FE11</key>
		<dict>
			<key>fileRef</key>
			<string>1CDAB39A19F1833000A5FE11</string>
			<key>isa</key>
			<string>PBXBuildFile</string>
		</dict>
		<key>1CDAB39C19F18AA100A5FE11</key>
		<dict>
			<key>fileEncoding</key>
			<string>4</string>
			<key>isa</key>
			<string>PBXFileReference</string>
			<key>lastKnownFileType</key>
			<string>sourcecode.c.h</string>
			<key>path</key>
			<string>BLCMediaTableViewCell.h</string>
			<key>sourceTree</key>
			<string>&lt;group&gt;</string>
		</dict>
		<key>1CDAB39D19F18AA100A5FE11</key>
		<dict>
			<key>fileEncoding</key>
			<string>4</string>
			<key>isa</key>
			<string>PBXFileReference</string>
			<key>lastKnownFileType</key>
			<string>sourcecode.c.objc</string>
			<key>path</key>
			<string>BLCMediaTableViewCell.m</string>
			<key>sourceTree</key>
			<string>&lt;group&gt;</string>
		</dict>
		<key>1CDAB39E19F18AA100A5FE11</key>
		<dict>
			<key>fileRef</key>
			<string>1CDAB39D19F18AA100A5FE11</string>
			<key>isa</key>
			<string>PBXBuildFile</string>
		</dict>
		<key>3761B8AEC71C6394C2A2ECED</key>
		<dict>
			<key>explicitFileType</key>
			<string>archive.ar</string>
			<key>includeInIndex</key>
			<string>0</string>
			<key>isa</key>
			<string>PBXFileReference</string>
			<key>path</key>
			<string>libPods.a</string>
			<key>sourceTree</key>
			<string>BUILT_PRODUCTS_DIR</string>
		</dict>
		<key>4B1E34BF9B548E1D2273103A</key>
		<dict>
			<key>children</key>
			<array>
				<string>3761B8AEC71C6394C2A2ECED</string>
			</array>
			<key>isa</key>
			<string>PBXGroup</string>
			<key>name</key>
			<string>Frameworks</string>
			<key>sourceTree</key>
			<string>&lt;group&gt;</string>
		</dict>
		<key>61C174E4481A9E7E616042F3</key>
		<dict>
			<key>includeInIndex</key>
			<string>1</string>
			<key>isa</key>
			<string>PBXFileReference</string>
			<key>lastKnownFileType</key>
			<string>text.xcconfig</string>
			<key>name</key>
			<string>Pods.debug.xcconfig</string>
			<key>path</key>
			<string>Pods/Target Support Files/Pods/Pods.debug.xcconfig</string>
			<key>sourceTree</key>
			<string>&lt;group&gt;</string>
		</dict>
		<key>65CEB898C61DF935437174FF</key>
		<dict>
			<key>fileRef</key>
			<string>3761B8AEC71C6394C2A2ECED</string>
			<key>isa</key>
			<string>PBXBuildFile</string>
		</dict>
		<key>6D4889B35B2ECCBD43D1C0B2</key>
		<dict>
			<key>buildActionMask</key>
			<string>2147483647</string>
			<key>files</key>
			<array/>
			<key>inputPaths</key>
			<array/>
			<key>isa</key>
			<string>PBXShellScriptBuildPhase</string>
			<key>name</key>
			<string>Check Pods Manifest.lock</string>
			<key>outputPaths</key>
			<array/>
			<key>runOnlyForDeploymentPostprocessing</key>
			<string>0</string>
			<key>shellPath</key>
			<string>/bin/sh</string>
			<key>shellScript</key>
			<string>diff "${PODS_ROOT}/../Podfile.lock" "${PODS_ROOT}/Manifest.lock" &gt; /dev/null
if [[ $? != 0 ]] ; then
    cat &lt;&lt; EOM
error: The sandbox is not in sync with the Podfile.lock. Run 'pod install' or update your CocoaPods installation.
EOM
    exit 1
fi
</string>
			<key>showEnvVarsInLog</key>
			<string>0</string>
		</dict>
		<key>B750BDEB95339707445D06E2</key>
		<dict>
			<key>buildActionMask</key>
			<string>2147483647</string>
			<key>files</key>
			<array/>
			<key>inputPaths</key>
			<array/>
			<key>isa</key>
			<string>PBXShellScriptBuildPhase</string>
			<key>name</key>
			<string>Copy Pods Resources</string>
			<key>outputPaths</key>
			<array/>
			<key>runOnlyForDeploymentPostprocessing</key>
			<string>0</string>
			<key>shellPath</key>
			<string>/bin/sh</string>
			<key>shellScript</key>
			<string>"${SRCROOT}/Pods/Target Support Files/Pods/Pods-resources.sh"
</string>
			<key>showEnvVarsInLog</key>
			<string>0</string>
		</dict>
		<key>C05B24D46492600727996EB8</key>
		<dict>
			<key>children</key>
			<array>
				<string>61C174E4481A9E7E616042F3</string>
				<string>0CA11E51894993D0DB120213</string>
			</array>
			<key>isa</key>
			<string>PBXGroup</string>
			<key>name</key>
			<string>Pods</string>
			<key>sourceTree</key>
			<string>&lt;group&gt;</string>
		</dict>
	</dict>
	<key>rootObject</key>
	<string>1CDAB34619F1683D00A5FE11</string>
</dict>
</plist>
